Microsoft Visual Studio Solution File, Format Version 12.00
# Visual Studio Version 17
VisualStudioVersion = 17.13.35828.75
MinimumVisualStudioVersion = 10.0.40219.1
Project("{FAE04EC0-301F-11D3-BF4B-00C04F79EFBC}") = "GreenhouseDesktopApp", "GreenhouseDesktopApp.csproj", "{2D800523-BC54-49CA-B243-326E116497FD}"
EndProject
Global
	GlobalSection(SolutionConfigurationPlatforms) = preSolution
		Debug|Any CPU = Debug|Any CPU
		Release|Any CPU = Release|Any CPU
	EndGlobalSection
	GlobalSection(ProjectConfigurationPlatforms) = postSolution
		{2D800523-BC54-49CA-B243-326E116497FD}.Debug|Any CPU.ActiveCfg = Debug|Any CPU
		{2D800523-BC54-49CA-B243-326E116497FD}.Debug|Any CPU.Build.0 = Debug|Any CPU
		{2D800523-BC54-49CA-B243-326E116497FD}.Release|Any CPU.ActiveCfg = Release|Any CPU
		{2D800523-BC54-49CA-B243-326E116497FD}.Release|Any CPU.Build.0 = Release|Any CPU
	EndGlobalSection
	GlobalSection(SolutionProperties) = preSolution
		HideSolutionNode = FALSE
	EndGlobalSection
	GlobalSection(ExtensibilityGlobals) = postSolution
		SolutionGuid = {43509D37-E731-4066-BD10-25AFB1F42829}
	EndGlobalSection
EndGlobal
